Microsoft Visual Studio Solution File, Format Version 12.00
# Visual Studio Version 17
VisualStudioVersion = 17.5.2.0
MinimumVisualStudioVersion = 10.0.40219.1
Project("{FAE04EC0-301F-11D3-BF4B-00C04F79EFBC}") = "ArtArchive.Api", "ArtArchive.Api.csproj", "{02CEBF66-D5DC-46E8-ADFB-C883C73507AA}"
EndProject
Global
	GlobalSection(SolutionConfigurationPlatforms) = preSolution
		Debug|Any CPU = Debug|Any CPU
		Release|Any CPU = Release|Any CPU
	EndGlobalSection
	GlobalSection(ProjectConfigurationPlatforms) = postSolution
		{02CEBF66-D5DC-46E8-ADFB-C883C73507AA}.Debug|Any CPU.ActiveCfg = Debug|Any CPU
		{02CEBF66-D5DC-46E8-ADFB-C883C73507AA}.Debug|Any CPU.Build.0 = Debug|Any CPU
		{02CEBF66-D5DC-46E8-ADFB-C883C73507AA}.Release|Any CPU.ActiveCfg = Release|Any CPU
		{02CEBF66-D5DC-46E8-ADFB-C883C73507AA}.Release|Any CPU.Build.0 = Release|Any CPU
	EndGlobalSection
	GlobalSection(SolutionProperties) = preSolution
		HideSolutionNode = FALSE
	EndGlobalSection
	GlobalSection(ExtensibilityGlobals) = postSolution
		SolutionGuid = {A6E816DA-5E68-41BD-AEF3-660B0C60C85A}
	EndGlobalSection
EndGlobal
